
Microsoft Visual Studio Solution File, Format Version 12.00
# Visual Studio 15
Project("{FAE04EC0-301F-11D3-BF4B-00C04F79EFBC}") = "ScriptsAssembly", "ScriptsAssembly.csproj", "{AB0B9A10-141D-65FE-B241-262D513BB984}"
EndProject
Project("{FAE04EC0-301F-11D3-BF4B-00C04F79EFBC}") = "Tests", "Tests.csproj", "{EBF16A87-0157-182F-DB28-CA2BE681FED7}"
EndProject
Global
	GlobalSection(SolutionConfigurationPlatforms) = preSolution
		Debug|Any CPU = Debug|Any CPU
		Release|Any CPU = Release|Any CPU
	EndGlobalSection
	GlobalSection(ProjectConfigurationPlatforms) = postSolution
		{AB0B9A10-141D-65FE-B241-262D513BB984}.Debug|Any CPU.ActiveCfg = Debug|Any CPU
		{AB0B9A10-141D-65FE-B241-262D513BB984}.Debug|Any CPU.Build.0 = Debug|Any CPU
		{AB0B9A10-141D-65FE-B241-262D513BB984}.Release|Any CPU.ActiveCfg = Release|Any CPU
		{AB0B9A10-141D-65FE-B241-262D513BB984}.Release|Any CPU.Build.0 = Release|Any CPU
		{EBF16A87-0157-182F-DB28-CA2BE681FED7}.Debug|Any CPU.ActiveCfg = Debug|Any CPU
		{EBF16A87-0157-182F-DB28-CA2BE681FED7}.Debug|Any CPU.Build.0 = Debug|Any CPU
		{EBF16A87-0157-182F-DB28-CA2BE681FED7}.Release|Any CPU.ActiveCfg = Release|Any CPU
		{EBF16A87-0157-182F-DB28-CA2BE681FED7}.Release|Any CPU.Build.0 = Release|Any CPU
	EndGlobalSection
	GlobalSection(SolutionProperties) = preSolution
		HideSolutionNode = FALSE
	EndGlobalSection
EndGlobal
